
Microsoft Visual Studio Solution File, Format Version 12.00
# Visual Studio Version 17
VisualStudioVersion = 17.1.32328.378
MinimumVisualStudioVersion = 10.0.40219.1
Project("{FAE04EC0-301F-11D3-BF4B-00C04F79EFBC}") = "FinalProject", "FinalProjeect\FinalProject.csproj", "{D357A983-204C-49EB-877E-5EEC6871D780}"
EndProject
Global
	GlobalSection(SolutionConfigurationPlatforms) = preSolution
		Debug|Any CPU = Debug|Any CPU
		Release|Any CPU = Release|Any CPU
	EndGlobalSection
	GlobalSection(ProjectConfigurationPlatforms) = postSolution
		{D357A983-204C-49EB-877E-5EEC6871D780}.Debug|Any CPU.ActiveCfg = Debug|Any CPU
		{D357A983-204C-49EB-877E-5EEC6871D780}.Debug|Any CPU.Build.0 = Debug|Any CPU
		{D357A983-204C-49EB-877E-5EEC6871D780}.Release|Any CPU.ActiveCfg = Release|Any CPU
		{D357A983-204C-49EB-877E-5EEC6871D780}.Release|Any CPU.Build.0 = Release|Any CPU
	EndGlobalSection
	GlobalSection(SolutionProperties) = preSolution
		HideSolutionNode = FALSE
	EndGlobalSection
	GlobalSection(ExtensibilityGlobals) = postSolution
		SolutionGuid = {AF46CDC6-F0DA-4F09-A17F-BAE7D7ABB9BF}
	EndGlobalSection
EndGlobal
